
Microsoft Visual Studio Solution File, Format Version 12.00
# Visual Studio Version 17
VisualStudioVersion = 17.11.35208.52
MinimumVisualStudioVersion = 10.0.40219.1
Project("{FAE04EC0-301F-11D3-BF4B-00C04F79EFBC}") = "HomeWork5.1", "HomeWork5.1\HomeWork5.1.csproj", "{7652DBA3-15C3-4CC6-8E31-984007BAB8DA}"
EndProject
Project("{FAE04EC0-301F-11D3-BF4B-00C04F79EFBC}") = "HomeWork5.2", "HomeWork5.2\HomeWork5.2.csproj", "{53CECC67-D9AB-4D16-B57D-5749D5529D41}"
EndProject
Global
	GlobalSection(SolutionConfigurationPlatforms) = preSolution
		Debug|Any CPU = Debug|Any CPU
		Release|Any CPU = Release|Any CPU
	EndGlobalSection
	GlobalSection(ProjectConfigurationPlatforms) = postSolution
		{7652DBA3-15C3-4CC6-8E31-984007BAB8DA}.Debug|Any CPU.ActiveCfg = Debug|Any CPU
		{7652DBA3-15C3-4CC6-8E31-984007BAB8DA}.Debug|Any CPU.Build.0 = Debug|Any CPU
		{7652DBA3-15C3-4CC6-8E31-984007BAB8DA}.Release|Any CPU.ActiveCfg = Release|Any CPU
		{7652DBA3-15C3-4CC6-8E31-984007BAB8DA}.Release|Any CPU.Build.0 = Release|Any CPU
		{53CECC67-D9AB-4D16-B57D-5749D5529D41}.Debug|Any CPU.ActiveCfg = Debug|Any CPU
		{53CECC67-D9AB-4D16-B57D-5749D5529D41}.Debug|Any CPU.Build.0 = Debug|Any CPU
		{53CECC67-D9AB-4D16-B57D-5749D5529D41}.Release|Any CPU.ActiveCfg = Release|Any CPU
		{53CECC67-D9AB-4D16-B57D-5749D5529D41}.Release|Any CPU.Build.0 = Release|Any CPU
	EndGlobalSection
	GlobalSection(SolutionProperties) = preSolution
		HideSolutionNode = FALSE
	EndGlobalSection
	GlobalSection(ExtensibilityGlobals) = postSolution
		SolutionGuid = {A22D3BCC-B097-40DE-9086-E7B5EDF1F960}
	EndGlobalSection
EndGlobal
